# This file was autogenerated by Stack.
# You should not edit this file by hand.
# For more information, please see the documentation at:
#   https://docs.haskellstack.org/en/stable/lock_files

packages:
- completed:
    hackage: rollbar-hs-0.1.0.1@sha256:35f779d3f20290311d2d3cb6728c265466a3d962bb386f7203a332684f556565,2286
    pantry-tree:
      size: 1634
      sha256: 26f197fb096bba6aa848f386255e1f3466ebc8dd5c548bda5824f7224b417075
  original:
    hackage: rollbar-hs-0.1.0.1
snapshots:
- completed:
    size: 530238
    url: https://raw.githubusercontent.com/commercialhaskell/stackage-snapshots/master/nightly/2017/11/25.yaml
    sha256: e65fd65176e7b46d09c20742f6d5a8272a2d4733959182eed20058b46d6579be
  original: nightly-2017-11-25
